
Microsoft Visual Studio Solution File, Format Version 12.00
# Visual Studio Version 16
VisualStudioVersion = 16.0.32428.217
MinimumVisualStudioVersion = 10.0.40219.1
Project("{FAE04EC0-301F-11D3-BF4B-00C04F79EFBC}") = "AlunoApi", "AlunoApi\AlunoApi.csproj", "{5193F779-94D5-4559-A52A-2805A1A5074D}"
EndProject
Global
	GlobalSection(SolutionConfigurationPlatforms) = preSolution
		Debug|Any CPU = Debug|Any CPU
		Release|Any CPU = Release|Any CPU
	EndGlobalSection
	GlobalSection(ProjectConfigurationPlatforms) = postSolution
		{5193F779-94D5-4559-A52A-2805A1A5074D}.Debug|Any CPU.ActiveCfg = Debug|Any CPU
		{5193F779-94D5-4559-A52A-2805A1A5074D}.Debug|Any CPU.Build.0 = Debug|Any CPU
		{5193F779-94D5-4559-A52A-2805A1A5074D}.Release|Any CPU.ActiveCfg = Release|Any CPU
		{5193F779-94D5-4559-A52A-2805A1A5074D}.Release|Any CPU.Build.0 = Release|Any CPU
	EndGlobalSection
	GlobalSection(SolutionProperties) = preSolution
		HideSolutionNode = FALSE
	EndGlobalSection
	GlobalSection(ExtensibilityGlobals) = postSolution
		SolutionGuid = {F90970DE-7FB2-4297-ACDF-945166A0107F}
	EndGlobalSection
EndGlobal
